github.com/8ayac/dfa-regex-engine v0.0.0-20191216141017-d9f28937afd0 h1:mRBHYKt1pUZjmyhPTu3P734JgjVxJB26pmTyM/rkwGQ=
github.com/8ayac/dfa-regex-engine v0.0.0-20191216141017-d9f28937afd0/go.mod h1:VXY/2FRGA5Eh4/kfqnErzhZC78em8ctOHw+MH8Nujf0=
github.com/8ayac/golang-set v1.7.1 h1:Vbk3EH6JnAly/MP/6L6jLQVRiUkNsFtPCbnE8tn1yLw=
github.com/8ayac/golang-set v1.7.1/go.mod h1:STppjf8ZNQyH8i2Mg5JNBvfIkgA1pP1rAlXCqY8iXSY=
